
Microsoft Visual Studio Solution File, Format Version 12.00
# Visual Studio Version 16
VisualStudioVersion = 16.0.33027.164
MinimumVisualStudioVersion = 10.0.40219.1
Project("{FAE04EC0-301F-11D3-BF4B-00C04F79EFBC}") = "HybridFwk_POM_TradingView", "HybridFwk_POM_TradingView.csproj", "{5182B05D-4C66-47F0-9D75-1EC99319387B}"
EndProject
Global
	GlobalSection(SolutionConfigurationPlatforms) = preSolution
		Debug|Any CPU = Debug|Any CPU
		Release|Any CPU = Release|Any CPU
	EndGlobalSection
	GlobalSection(ProjectConfigurationPlatforms) = postSolution
		{5182B05D-4C66-47F0-9D75-1EC99319387B}.Debug|Any CPU.ActiveCfg = Debug|Any CPU
		{5182B05D-4C66-47F0-9D75-1EC99319387B}.Debug|Any CPU.Build.0 = Debug|Any CPU
		{5182B05D-4C66-47F0-9D75-1EC99319387B}.Release|Any CPU.ActiveCfg = Release|Any CPU
		{5182B05D-4C66-47F0-9D75-1EC99319387B}.Release|Any CPU.Build.0 = Release|Any CPU
	EndGlobalSection
	GlobalSection(SolutionProperties) = preSolution
		HideSolutionNode = FALSE
	EndGlobalSection
	GlobalSection(ExtensibilityGlobals) = postSolution
		SolutionGuid = {F8C65287-CF1F-42FB-A6FD-8A513B943D58}
	EndGlobalSection
EndGlobal
